
Microsoft Visual Studio Solution File, Format Version 12.00
# Visual Studio Version 17
VisualStudioVersion = 17.8.34525.116
MinimumVisualStudioVersion = 10.0.40219.1
Project("{9A19103F-16F7-4668-BE54-9A1E7A4F7556}") = "BookStore-HuuThanh", "HuuThanh-BookStore\BookStore-HuuThanh.csproj", "{3CAEF168-287D-4909-A4EB-AB4B18320899}"
EndProject
Project("{9A19103F-16F7-4668-BE54-9A1E7A4F7556}") = "Repositories", "Repositories\Repositories.csproj", "{CD9A5169-51B3-49A2-824D-E6DAFB5AC86C}"
EndProject
Project("{FAE04EC0-301F-11D3-BF4B-00C04F79EFBC}") = "Services", "Services\Services.csproj", "{53DEE6B0-E77E-4D17-A5A1-769D0502BA96}"
EndProject
Global
	GlobalSection(SolutionConfigurationPlatforms) = preSolution
		Debug|Any CPU = Debug|Any CPU
		Release|Any CPU = Release|Any CPU
	EndGlobalSection
	GlobalSection(ProjectConfigurationPlatforms) = postSolution
		{3CAEF168-287D-4909-A4EB-AB4B18320899}.Debug|Any CPU.ActiveCfg = Debug|Any CPU
		{3CAEF168-287D-4909-A4EB-AB4B18320899}.Debug|Any CPU.Build.0 = Debug|Any CPU
		{3CAEF168-287D-4909-A4EB-AB4B18320899}.Release|Any CPU.ActiveCfg = Release|Any CPU
		{3CAEF168-287D-4909-A4EB-AB4B18320899}.Release|Any CPU.Build.0 = Release|Any CPU
		{CD9A5169-51B3-49A2-824D-E6DAFB5AC86C}.Debug|Any CPU.ActiveCfg = Debug|Any CPU
		{CD9A5169-51B3-49A2-824D-E6DAFB5AC86C}.Debug|Any CPU.Build.0 = Debug|Any CPU
		{CD9A5169-51B3-49A2-824D-E6DAFB5AC86C}.Release|Any CPU.ActiveCfg = Release|Any CPU
		{CD9A5169-51B3-49A2-824D-E6DAFB5AC86C}.Release|Any CPU.Build.0 = Release|Any CPU
		{53DEE6B0-E77E-4D17-A5A1-769D0502BA96}.Debug|Any CPU.ActiveCfg = Debug|Any CPU
		{53DEE6B0-E77E-4D17-A5A1-769D0502BA96}.Debug|Any CPU.Build.0 = Debug|Any CPU
		{53DEE6B0-E77E-4D17-A5A1-769D0502BA96}.Release|Any CPU.ActiveCfg = Release|Any CPU
		{53DEE6B0-E77E-4D17-A5A1-769D0502BA96}.Release|Any CPU.Build.0 = Release|Any CPU
	EndGlobalSection
	GlobalSection(SolutionProperties) = preSolution
		HideSolutionNode = FALSE
	EndGlobalSection
	GlobalSection(ExtensibilityGlobals) = postSolution
		SolutionGuid = {600A12BD-711E-4549-84A1-7103F080130C}
	EndGlobalSection
EndGlobal
